
Microsoft Visual Studio Solution File, Format Version 12.00
# Visual Studio Version 17
VisualStudioVersion = 17.7.34031.279
MinimumVisualStudioVersion = 10.0.40219.1
Project("{2150E333-8FDC-42A3-9474-1A3956D46DE8}") = "Task0", "Task0", "{9BABE3E5-523A-4AD6-A040-611D25B3D827}"
EndProject
Project("{FAE04EC0-301F-11D3-BF4B-00C04F79EFBC}") = "Tyuiu.SbrodovSV.Sprint3.Task0.V23", "Tyuiu.SbrodovSV.Sprint3.Task0.V23\Tyuiu.SbrodovSV.Sprint3.Task0.V23.csproj", "{CB66B018-FAC7-4D28-81A4-C024B4FDA2F8}"
EndProject
Project("{FAE04EC0-301F-11D3-BF4B-00C04F79EFBC}") = "Tyuiu.SbrodovSV.Sprint3.Task0.V23.Lib", "Tyuiu.SbrodovSV.Sprint3.Task0.V23.Lib\Tyuiu.SbrodovSV.Sprint3.Task0.V23.Lib.csproj", "{2752B62A-2EDE-4CC5-90D5-729DAD60DFCD}"
EndProject
Project("{FAE04EC0-301F-11D3-BF4B-00C04F79EFBC}") = "Tyuiu.SbrodovSV.Sprint3.Task0.V23.Test", "Tyuiu.SbrodovSV.Sprint3.Task0.V23.Test\Tyuiu.SbrodovSV.Sprint3.Task0.V23.Test.csproj", "{67FEFACD-9690-44E5-8C53-4CB3EB214B62}"
EndProject
Project("{2150E333-8FDC-42A3-9474-1A3956D46DE8}") = "Task1", "Task1", "{4E808110-EC93-4932-847D-62D8567ACB2B}"
EndProject
Project("{FAE04EC0-301F-11D3-BF4B-00C04F79EFBC}") = "Tyuiu.SbrodovSV.Sprint3.Task1.V6", "Tyuiu.SbrodovSV.Sprint3.Task1.V6\Tyuiu.SbrodovSV.Sprint3.Task1.V6.csproj", "{CC3C9415-7BDC-4116-A03F-E4D29E03BD64}"
EndProject
Project("{FAE04EC0-301F-11D3-BF4B-00C04F79EFBC}") = "Tyuiu.SbrodovSV.Sprint3.Task1.V6.Lib", "Tyuiu.SbrodovSV.Sprint3.Task1.V6.Lib\Tyuiu.SbrodovSV.Sprint3.Task1.V6.Lib.csproj", "{840368E4-C8EF-4A5F-8DB1-8D88113DDB29}"
EndProject
Project("{FAE04EC0-301F-11D3-BF4B-00C04F79EFBC}") = "Tyuiu.SbrodovSV.Sprint3.Task1.V6.Test", "Tyuiu.SbrodovSV.Sprint3.Task1.V6.Test\Tyuiu.SbrodovSV.Sprint3.Task1.V6.Test.csproj", "{9F262BBA-C28B-449F-8597-DADAFD8E023B}"
EndProject
Project("{2150E333-8FDC-42A3-9474-1A3956D46DE8}") = "Task2", "Task2", "{14A2D890-182D-4B7C-962B-BE5D5D82835B}"
EndProject
Project("{FAE04EC0-301F-11D3-BF4B-00C04F79EFBC}") = "Tyuiu.SbrodovSV.Sprint3.Task2.V20", "Tyuiu.SbrodovSV.Sprint3.Task2.V20\Tyuiu.SbrodovSV.Sprint3.Task2.V20.csproj", "{385D9664-C0B5-4EB4-AFE7-3F8EE04CE371}"
EndProject
Project("{FAE04EC0-301F-11D3-BF4B-00C04F79EFBC}") = "Tyuiu.SbrodovSV.Sprint3.Task2.V20.Lib", "Tyuiu.SbrodovSV.Sprint3.Task2.V20.Lib\Tyuiu.SbrodovSV.Sprint3.Task2.V20.Lib.csproj", "{F28090D2-98C4-4D71-B208-B6BC335FC08B}"
EndProject
Project("{FAE04EC0-301F-11D3-BF4B-00C04F79EFBC}") = "Tyuiu.SbrodovSV.Sprint3.Task2.V20.Test", "Tyuiu.SbrodovSV.Sprint3.Task2.V20.Test\Tyuiu.SbrodovSV.Sprint3.Task2.V20.Test.csproj", "{CDED19F1-6B72-421B-91AE-00BE820AF4A5}"
EndProject
Global
	GlobalSection(SolutionConfigurationPlatforms) = preSolution
		Debug|Any CPU = Debug|Any CPU
		Release|Any CPU = Release|Any CPU
	EndGlobalSection
	GlobalSection(ProjectConfigurationPlatforms) = postSolution
		{CB66B018-FAC7-4D28-81A4-C024B4FDA2F8}.Debug|Any CPU.ActiveCfg = Debug|Any CPU
		{CB66B018-FAC7-4D28-81A4-C024B4FDA2F8}.Debug|Any CPU.Build.0 = Debug|Any CPU
		{CB66B018-FAC7-4D28-81A4-C024B4FDA2F8}.Release|Any CPU.ActiveCfg = Release|Any CPU
		{CB66B018-FAC7-4D28-81A4-C024B4FDA2F8}.Release|Any CPU.Build.0 = Release|Any CPU
		{2752B62A-2EDE-4CC5-90D5-729DAD60DFCD}.Debug|Any CPU.ActiveCfg = Debug|Any CPU
		{2752B62A-2EDE-4CC5-90D5-729DAD60DFCD}.Debug|Any CPU.Build.0 = Debug|Any CPU
		{2752B62A-2EDE-4CC5-90D5-729DAD60DFCD}.Release|Any CPU.ActiveCfg = Release|Any CPU
		{2752B62A-2EDE-4CC5-90D5-729DAD60DFCD}.Release|Any CPU.Build.0 = Release|Any CPU
		{67FEFACD-9690-44E5-8C53-4CB3EB214B62}.Debug|Any CPU.ActiveCfg = Debug|Any CPU
		{67FEFACD-9690-44E5-8C53-4CB3EB214B62}.Debug|Any CPU.Build.0 = Debug|Any CPU
		{67FEFACD-9690-44E5-8C53-4CB3EB214B62}.Release|Any CPU.ActiveCfg = Release|Any CPU
		{67FEFACD-9690-44E5-8C53-4CB3EB214B62}.Release|Any CPU.Build.0 = Release|Any CPU
		{CC3C9415-7BDC-4116-A03F-E4D29E03BD64}.Debug|Any CPU.ActiveCfg = Debug|Any CPU
		{CC3C9415-7BDC-4116-A03F-E4D29E03BD64}.Debug|Any CPU.Build.0 = Debug|Any CPU
		{CC3C9415-7BDC-4116-A03F-E4D29E03BD64}.Release|Any CPU.ActiveCfg = Release|Any CPU
		{CC3C9415-7BDC-4116-A03F-E4D29E03BD64}.Release|Any CPU.Build.0 = Release|Any CPU
		{840368E4-C8EF-4A5F-8DB1-8D88113DDB29}.Debug|Any CPU.ActiveCfg = Debug|Any CPU
		{840368E4-C8EF-4A5F-8DB1-8D88113DDB29}.Debug|Any CPU.Build.0 = Debug|Any CPU
		{840368E4-C8EF-4A5F-8DB1-8D88113DDB29}.Release|Any CPU.ActiveCfg = Release|Any CPU
		{840368E4-C8EF-4A5F-8DB1-8D88113DDB29}.Release|Any CPU.Build.0 = Release|Any CPU
		{9F262BBA-C28B-449F-8597-DADAFD8E023B}.Debug|Any CPU.ActiveCfg = Debug|Any CPU
		{9F262BBA-C28B-449F-8597-DADAFD8E023B}.Debug|Any CPU.Build.0 = Debug|Any CPU
		{9F262BBA-C28B-449F-8597-DADAFD8E023B}.Release|Any CPU.ActiveCfg = Release|Any CPU
		{9F262BBA-C28B-449F-8597-DADAFD8E023B}.Release|Any CPU.Build.0 = Release|Any CPU
		{385D9664-C0B5-4EB4-AFE7-3F8EE04CE371}.Debug|Any CPU.ActiveCfg = Debug|Any CPU
		{385D9664-C0B5-4EB4-AFE7-3F8EE04CE371}.Debug|Any CPU.Build.0 = Debug|Any CPU
		{385D9664-C0B5-4EB4-AFE7-3F8EE04CE371}.Release|Any CPU.ActiveCfg = Release|Any CPU
		{385D9664-C0B5-4EB4-AFE7-3F8EE04CE371}.Release|Any CPU.Build.0 = Release|Any CPU
		{F28090D2-98C4-4D71-B208-B6BC335FC08B}.Debug|Any CPU.ActiveCfg = Debug|Any CPU
		{F28090D2-98C4-4D71-B208-B6BC335FC08B}.Debug|Any CPU.Build.0 = Debug|Any CPU
		{F28090D2-98C4-4D71-B208-B6BC335FC08B}.Release|Any CPU.ActiveCfg = Release|Any CPU
		{F28090D2-98C4-4D71-B208-B6BC335FC08B}.Release|Any CPU.Build.0 = Release|Any CPU
		{CDED19F1-6B72-421B-91AE-00BE820AF4A5}.Debug|Any CPU.ActiveCfg = Debug|Any CPU
		{CDED19F1-6B72-421B-91AE-00BE820AF4A5}.Debug|Any CPU.Build.0 = Debug|Any CPU
		{CDED19F1-6B72-421B-91AE-00BE820AF4A5}.Release|Any CPU.ActiveCfg = Release|Any CPU
		{CDED19F1-6B72-421B-91AE-00BE820AF4A5}.Release|Any CPU.Build.0 = Release|Any CPU
	EndGlobalSection
	GlobalSection(SolutionProperties) = preSolution
		HideSolutionNode = FALSE
	EndGlobalSection
	GlobalSection(NestedProjects) = preSolution
		{CB66B018-FAC7-4D28-81A4-C024B4FDA2F8} = {9BABE3E5-523A-4AD6-A040-611D25B3D827}
		{2752B62A-2EDE-4CC5-90D5-729DAD60DFCD} = {9BABE3E5-523A-4AD6-A040-611D25B3D827}
		{67FEFACD-9690-44E5-8C53-4CB3EB214B62} = {9BABE3E5-523A-4AD6-A040-611D25B3D827}
		{CC3C9415-7BDC-4116-A03F-E4D29E03BD64} = {4E808110-EC93-4932-847D-62D8567ACB2B}
		{840368E4-C8EF-4A5F-8DB1-8D88113DDB29} = {4E808110-EC93-4932-847D-62D8567ACB2B}
		{9F262BBA-C28B-449F-8597-DADAFD8E023B} = {4E808110-EC93-4932-847D-62D8567ACB2B}
		{385D9664-C0B5-4EB4-AFE7-3F8EE04CE371} = {14A2D890-182D-4B7C-962B-BE5D5D82835B}
		{F28090D2-98C4-4D71-B208-B6BC335FC08B} = {14A2D890-182D-4B7C-962B-BE5D5D82835B}
		{CDED19F1-6B72-421B-91AE-00BE820AF4A5} = {14A2D890-182D-4B7C-962B-BE5D5D82835B}
	EndGlobalSection
	GlobalSection(ExtensibilityGlobals) = postSolution
		SolutionGuid = {B295CDAF-4392-4DA2-8E32-3C147C9F24FC}
	EndGlobalSection
EndGlobal
